
Microsoft Visual Studio Solution File, Format Version 12.00
# Visual Studio Version 17
VisualStudioVersion = 17.10.35013.160
MinimumVisualStudioVersion = 10.0.40219.1
Project("{8BC9CEB8-8B4A-11D0-8D11-00A0C91BC942}") = "home-5-3-1", "home-5-3-1\home-5-3-1.vcxproj", "{0EFC8E67-1A98-4EFE-A7B3-0985D0E16C97}"
EndProject
Global
	GlobalSection(SolutionConfigurationPlatforms) = preSolution
		Debug|x64 = Debug|x64
		Debug|x86 = Debug|x86
		Release|x64 = Release|x64
		Release|x86 = Release|x86
	EndGlobalSection
	GlobalSection(ProjectConfigurationPlatforms) = postSolution
		{0EFC8E67-1A98-4EFE-A7B3-0985D0E16C97}.Debug|x64.ActiveCfg = Debug|x64
		{0EFC8E67-1A98-4EFE-A7B3-0985D0E16C97}.Debug|x64.Build.0 = Debug|x64
		{0EFC8E67-1A98-4EFE-A7B3-0985D0E16C97}.Debug|x86.ActiveCfg = Debug|Win32
		{0EFC8E67-1A98-4EFE-A7B3-0985D0E16C97}.Debug|x86.Build.0 = Debug|Win32
		{0EFC8E67-1A98-4EFE-A7B3-0985D0E16C97}.Release|x64.ActiveCfg = Release|x64
		{0EFC8E67-1A98-4EFE-A7B3-0985D0E16C97}.Release|x64.Build.0 = Release|x64
		{0EFC8E67-1A98-4EFE-A7B3-0985D0E16C97}.Release|x86.ActiveCfg = Release|Win32
		{0EFC8E67-1A98-4EFE-A7B3-0985D0E16C97}.Release|x86.Build.0 = Release|Win32
	EndGlobalSection
	GlobalSection(SolutionProperties) = preSolution
		HideSolutionNode = FALSE
	EndGlobalSection
	GlobalSection(ExtensibilityGlobals) = postSolution
		SolutionGuid = {1ADD16B1-1A0B-42D5-A768-E1E2B611D31F}
	EndGlobalSection
EndGlobal
